{
  "name": "radioshack-dump",
  "version": "1.0.0",
  "lockfileVersion": 3,
  "requires": true,
  "packages": {
    "": {
      "name": "radioshack-dump",
      "version": "1.0.0",
      "license": "MIT",
      "dependencies": {
        "uniswap-v2-loader": "^5.0.20"
      }
    },
    "node_modules/uniswap-v2-loader": {
      "version": "5.0.21",
      "resolved": "https://registry.npmjs.org/uniswap-v2-loader/-/uniswap-v2-loader-5.0.21.tgz",
      "integrity": "sha512-XWaUpRTrH/xXHhFdyufgGvj0RFqexQDuOkk/OCVCsXFoxaQ4nAbXnhW5FfdrAp+ois0BJtG0SxZdjDGO5GwBDQ==",
      "license": "MIT",
      "bin": {
        "uniswap-v2-loader": "bin/uniswap-v2-loader"
      }
    }
  }
}
